
Microsoft Visual Studio Solution File, Format Version 12.00
# Visual Studio 15
VisualStudioVersion = 15.0.28010.2050
MinimumVisualStudioVersion = 10.0.40219.1
Project("{FAE04EC0-301F-11D3-BF4B-00C04F79EFBC}") = "Assignment6", "Assignment6\Assignment6.csproj", "{D8E2A2C4-0CD6-4BA4-986C-2B458FF1B489}"
EndProject
Global
	GlobalSection(SolutionConfigurationPlatforms) = preSolution
		Debug|Any CPU = Debug|Any CPU
		Release|Any CPU = Release|Any CPU
	EndGlobalSection
	GlobalSection(ProjectConfigurationPlatforms) = postSolution
		{D8E2A2C4-0CD6-4BA4-986C-2B458FF1B489}.Debug|Any CPU.ActiveCfg = Debug|Any CPU
		{D8E2A2C4-0CD6-4BA4-986C-2B458FF1B489}.Debug|Any CPU.Build.0 = Debug|Any CPU
		{D8E2A2C4-0CD6-4BA4-986C-2B458FF1B489}.Release|Any CPU.ActiveCfg = Release|Any CPU
		{D8E2A2C4-0CD6-4BA4-986C-2B458FF1B489}.Release|Any CPU.Build.0 = Release|Any CPU
	EndGlobalSection
	GlobalSection(SolutionProperties) = preSolution
		HideSolutionNode = FALSE
	EndGlobalSection
	GlobalSection(ExtensibilityGlobals) = postSolution
		SolutionGuid = {F528D70C-0ADD-453C-99FD-124B833CEA9F}
	EndGlobalSection
EndGlobal
