
Microsoft Visual Studio Solution File, Format Version 12.00
# Visual Studio 15
VisualStudioVersion = 15.0.28307.572
MinimumVisualStudioVersion = 10.0.40219.1
Project("{FAE04EC0-301F-11D3-BF4B-00C04F79EFBC}") = "MathServer", "MathServer\MathServer.csproj", "{76A323BE-BEFD-4AF7-9FDB-69AE5A18F463}"
EndProject
Global
	GlobalSection(SolutionConfigurationPlatforms) = preSolution
		Debug|Any CPU = Debug|Any CPU
		Release|Any CPU = Release|Any CPU
	EndGlobalSection
	GlobalSection(ProjectConfigurationPlatforms) = postSolution
		{76A323BE-BEFD-4AF7-9FDB-69AE5A18F463}.Debug|Any CPU.ActiveCfg = Debug|Any CPU
		{76A323BE-BEFD-4AF7-9FDB-69AE5A18F463}.Debug|Any CPU.Build.0 = Debug|Any CPU
		{76A323BE-BEFD-4AF7-9FDB-69AE5A18F463}.Release|Any CPU.ActiveCfg = Release|Any CPU
		{76A323BE-BEFD-4AF7-9FDB-69AE5A18F463}.Release|Any CPU.Build.0 = Release|Any CPU
	EndGlobalSection
	GlobalSection(SolutionProperties) = preSolution
		HideSolutionNode = FALSE
	EndGlobalSection
	GlobalSection(ExtensibilityGlobals) = postSolution
		SolutionGuid = {7DBA3798-620D-44F6-AEA4-AD83028112B6}
	EndGlobalSection
EndGlobal
